// !$*UTF8*$!
{
	archiveVersion = 1;
	classes = {
	};
	objectVersion = 56;
	objects = {

/* Begin PBXBuildFile section */
		DA7CAEBA28DE2C0E0039681E /* AppDelegate.swift in Sources */ = {isa = PBXBuildFile; fileRef = DA7CAEB928DE2C0E0039681E /* AppDelegate.swift */; };
		DA7CAEBC28DE2C0E0039681E /* SceneDelegate.swift in Sources */ = {isa = PBXBuildFile; fileRef = DA7CAEBB28DE2C0E0039681E /* SceneDelegate.swift */; };
		DA7CAEBE28DE2C0E0039681E /* SettingsViewController.swift in Sources */ = {isa = PBXBuildFile; fileRef = DA7CAEBD28DE2C0E0039681E /* SettingsViewController.swift */; };
		DA7CAEC128DE2C0E0039681E /* Main.storyboard in Resources */ = {isa = PBXBuildFile; fileRef = DA7CAEBF28DE2C0E0039681E /* Main.storyboard */; };
		DA7CAEC328DE2C110039681E /* Assets.xcassets in Resources */ = {isa = PBXBuildFile; fileRef = DA7CAEC228DE2C110039681E /* Assets.xcassets */; };
		DA7CAEC628DE2C110039681E /* LaunchScreen.storyboard in Resources */ = {isa = PBXBuildFile; fileRef = DA7CAEC428DE2C110039681E /* LaunchScreen.storyboard */; };
		DA95777628F5DA3200F1D314 /* MainViewController.swift in Sources */ = {isa = PBXBuildFile; fileRef = DA95777528F5DA3200F1D314 /* MainViewController.swift */; };
/* End PBXBuildFile section */

/* Begin PBXFileReference section */
		DA7CAEB628DE2C0E0039681E /* ApplicationBackgroundSetting.app */ = {isa = PBXFileReference; explicitFileType = wrapper.application; includeInIndex = 0; path = ApplicationBackgroundSetting.app; sourceTree = BUILT_PRODUCTS_DIR; };
		DA7CAEB928DE2C0E0039681E /* AppDelegate.swift */ = {isa = PBXFileReference; lastKnownFileType = sourcecode.swift; path = AppDelegate.swift; sourceTree = "<group>"; };
		DA7CAEBB28DE2C0E0039681E /* SceneDelegate.swift */ = {isa = PBXFileReference; lastKnownFileType = sourcecode.swift; path = SceneDelegate.swift; sourceTree = "<group>"; };
		DA7CAEBD28DE2C0E0039681E /* SettingsViewController.swift */ = {isa = PBXFileReference; lastKnownFileType = sourcecode.swift; path = SettingsViewController.swift; sourceTree = "<group>"; };
		DA7CAEC028DE2C0E0039681E /* Base */ = {isa = PBXFileReference; lastKnownFileType = file.storyboard; name = Base; path = Base.lproj/Main.storyboard; sourceTree = "<group>"; };
		DA7CAEC228DE2C110039681E /* Assets.xcassets */ = {isa = PBXFileReference; lastKnownFileType = folder.assetcatalog; path = Assets.xcassets; sourceTree = "<group>"; };
		DA7CAEC528DE2C110039681E /* Base */ = {isa = PBXFileReference; lastKnownFileType = file.storyboard; name = Base; path = Base.lproj/LaunchScreen.storyboard; sourceTree = "<group>"; };
		DA7CAEC728DE2C110039681E /* Info.plist */ = {isa = PBXFileReference; lastKnownFileType = text.plist.xml; path = Info.plist; sourceTree = "<group>"; };
		DA95777528F5DA3200F1D314 /* MainViewController.swift */ = {isa = PBXFileReference; lastKnownFileType = sourcecode.swift; path = MainViewController.swift; sourceTree = "<group>"; };
/* End PBXFileReference section */

/* Begin PBXFrameworksBuildPhase section */
		DA7CAEB328DE2C0E0039681E /* Frameworks */ = {
			isa = PBXFrameworksBuildPhase;
			buildActionMask = 2147483647;
			files = (
			);
			runOnlyForDeploymentPostprocessing = 0;
		};
/* End PBXFrameworksBuildPhase section */

/* Begin PBXGroup section */
		DA7CAEAD28DE2C0E0039681E = {
			isa = PBXGroup;
			children = (
				DA7CAEB828DE2C0E0039681E /* ApplicationBackgroundSetting */,
				DA7CAEB728DE2C0E0039681E /* Products */,
			);
			sourceTree = "<group>";
		};
		DA7CAEB728DE2C0E0039681E /* Products */ = {
			isa = PBXGroup;
			children = (
				DA7CAEB628DE2C0E0039681E /* ApplicationBackgroundSetting.app */,
			);
			name = Products;
			sourceTree = "<group>";
		};
		DA7CAEB828DE2C0E0039681E /* ApplicationBackgroundSetting */ = {
			isa = PBXGroup;
			children = (
				DA95777728F5F11900F1D314 /* App */,
				DA95777828F5F15700F1D314 /* ViewControllers */,
				DA95777928F5F19400F1D314 /* Storyboards */,
				DA7CAEC228DE2C110039681E /* Assets.xcassets */,
			);
			path = ApplicationBackgroundSetting;
			sourceTree = "<group>";
		};
		DA95777728F5F11900F1D314 /* App */ = {
			isa = PBXGroup;
			children = (
				DA7CAEC728DE2C110039681E /* Info.plist */,
				DA7CAEB928DE2C0E0039681E /* AppDelegate.swift */,
				DA7CAEBB28DE2C0E0039681E /* SceneDelegate.swift */,
			);
			path = App;
			sourceTree = "<group>";
		};
		DA95777828F5F15700F1D314 /* ViewControllers */ = {
			isa = PBXGroup;
			children = (
				DA95777528F5DA3200F1D314 /* MainViewController.swift */,
				DA7CAEBD28DE2C0E0039681E /* SettingsViewController.swift */,
			);
			path = ViewControllers;
			sourceTree = "<group>";
		};
		DA95777928F5F19400F1D314 /* Storyboards */ = {
			isa = PBXGroup;
			children = (
				DA7CAEBF28DE2C0E0039681E /* Main.storyboard */,
				DA7CAEC428DE2C110039681E /* LaunchScreen.storyboard */,
			);
			path = Storyboards;
			sourceTree = "<group>";
		};
/* End PBXGroup section */

/* Begin PBXNativeTarget section */
		DA7CAEB528DE2C0E0039681E /* ApplicationBackgroundSetting */ = {
			isa = PBXNativeTarget;
			buildConfigurationList = DA7CAECA28DE2C110039681E /* Build configuration list for PBXNativeTarget "ApplicationBackgroundSetting" */;
			buildPhases = (
				DA7CAEB228DE2C0E0039681E /* Sources */,
				DA7CAEB328DE2C0E0039681E /* Frameworks */,
				DA7CAEB428DE2C0E0039681E /* Resources */,
			);
			buildRules = (
			);
			dependencies = (
			);
			name = ApplicationBackgroundSetting;
			productName = ApplicationBackgroundSetting;
			productReference = DA7CAEB628DE2C0E0039681E /* ApplicationBackgroundSetting.app */;
			productType = "com.apple.product-type.application";
		};
/* End PBXNativeTarget section */

/* Begin PBXProject section */
		DA7CAEAE28DE2C0E0039681E /* Project object */ = {
			isa = PBXProject;
			attributes = {
				BuildIndependentTargetsInParallel = 1;
				KnownAssetTags = (
					redSlider,
				);
				LastSwiftUpdateCheck = 1400;
				LastUpgradeCheck = 1400;
				TargetAttributes = {
					DA7CAEB528DE2C0E0039681E = {
						CreatedOnToolsVersion = 14.0;
					};
				};
			};
			buildConfigurationList = DA7CAEB128DE2C0E0039681E /* Build configuration list for PBXProject "ApplicationBackgroundSetting" */;
			compatibilityVersion = "Xcode 14.0";
			developmentRegion = en;
			hasScannedForEncodings = 0;
			knownRegions = (
				en,
				Base,
			);
			mainGroup = DA7CAEAD28DE2C0E0039681E;
			productRefGroup = DA7CAEB728DE2C0E0039681E /* Products */;
			projectDirPath = "";
			projectRoot = "";
			targets = (
				DA7CAEB528DE2C0E0039681E /* ApplicationBackgroundSetting */,
			);
		};
/* End PBXProject section */

/* Begin PBXResourcesBuildPhase section */
		DA7CAEB428DE2C0E0039681E /* Resources */ = {
			isa = PBXResourcesBuildPhase;
			buildActionMask = 2147483647;
			files = (
				DA7CAEC628DE2C110039681E /* LaunchScreen.storyboard in Resources */,
				DA7CAEC328DE2C110039681E /* Assets.xcassets in Resources */,
				DA7CAEC128DE2C0E0039681E /* Main.storyboard in Resources */,
			);
			runOnlyForDeploymentPostprocessing = 0;
		};
/* End PBXResourcesBuildPhase section */

/* Begin PBXSourcesBuildPhase section */
		DA7CAEB228DE2C0E0039681E /* Sources */ = {
			isa = PBXSourcesBuildPhase;
			buildActionMask = 2147483647;
			files = (
				DA7CAEBE28DE2C0E0039681E /* SettingsViewController.swift in Sources */,
				DA7CAEBA28DE2C0E0039681E /* AppDelegate.swift in Sources */,
				DA7CAEBC28DE2C0E0039681E /* SceneDelegate.swift in Sources */,
				DA95777628F5DA3200F1D314 /* MainViewController.swift in Sources */,
			);
			runOnlyForDeploymentPostprocessing = 0;
		};
/* End PBXSourcesBuildPhase section */

/* Begin PBXVariantGroup section */
		DA7CAEBF28DE2C0E0039681E /* Main.storyboard */ = {
			isa = PBXVariantGroup;
			children = (
				DA7CAEC028DE2C0E0039681E /* Base */,
			);
			name = Main.storyboard;
			sourceTree = "<group>";
		};
		DA7CAEC428DE2C110039681E /* LaunchScreen.storyboard */ = {
			isa = PBXVariantGroup;
			children = (
				DA7CAEC528DE2C110039681E /* Base */,
			);
			name = LaunchScreen.storyboard;
			sourceTree = "<group>";
		};
/* End PBXVariantGroup section */

/* Begin XCBuildConfiguration section */
		DA7CAEC828DE2C110039681E /* Debug */ = {
			isa = XCBuildConfiguration;
			buildSettings = {
				ALWAYS_SEARCH_USER_PATHS = NO;
				CLANG_ANALYZER_NONNULL = YES;
				CLANG_ANALYZER_NUMBER_OBJECT_CONVERSION = YES_AGGRESSIVE;
				CLANG_CXX_LANGUAGE_STANDARD = "gnu++20";
				CLANG_ENABLE_MODULES = YES;
				CLANG_ENABLE_OBJC_ARC = YES;
				CLANG_ENABLE_OBJC_WEAK = YES;
				CLANG_WARN_BLOCK_CAPTURE_AUTORELEASING = YES;
				CLANG_WARN_BOOL_CONVERSION = YES;
				CLANG_WARN_COMMA = YES;
				CLANG_WARN_CONSTANT_CONVERSION = YES;
				CLANG_WARN_DEPRECATED_OBJC_IMPLEMENTATIONS = YES;
				CLANG_WARN_DIRECT_OBJC_ISA_USAGE = YES_ERROR;
				CLANG_WARN_DOCUMENTATION_COMMENTS = YES;
				CLANG_WARN_EMPTY_BODY = YES;
				CLANG_WARN_ENUM_CONVERSION = YES;
				CLANG_WARN_INFINITE_RECURSION = YES;
				CLANG_WARN_INT_CONVERSION = YES;
				CLANG_WARN_NON_LITERAL_NULL_CONVERSION = YES;
				CLANG_WARN_OBJC_IMPLICIT_RETAIN_SELF = YES;
				CLANG_WARN_OBJC_LITERAL_CONVERSION = YES;
				CLANG_WARN_OBJC_ROOT_CLASS = YES_ERROR;
				CLANG_WARN_QUOTED_INCLUDE_IN_FRAMEWORK_HEADER = YES;
				CLANG_WARN_RANGE_LOOP_ANALYSIS = YES;
				CLANG_WARN_STRICT_PROTOTYPES = YES;
				CLANG_WARN_SUSPICIOUS_MOVE = YES;
				CLANG_WARN_UNGUARDED_AVAILABILITY = YES_AGGRESSIVE;
				CLANG_WARN_UNREACHABLE_CODE = YES;
				CLANG_WARN__DUPLICATE_METHOD_MATCH = YES;
				COPY_PHASE_STRIP = NO;
				DEBUG_INFORMATION_FORMAT = dwarf;
				ENABLE_STRICT_OBJC_MSGSEND = YES;
				ENABLE_TESTABILITY = YES;
				GCC_C_LANGUAGE_STANDARD = gnu11;
				GCC_DYNAMIC_NO_PIC = NO;
				GCC_NO_COMMON_BLOCKS = YES;
				GCC_OPTIMIZATION_LEVEL = 0;
				GCC_PREPROCESSOR_DEFINITIONS = (
					"DEBUG=1",
					"$(inherited)",
				);
				GCC_WARN_64_TO_32_BIT_CONVERSION = YES;
				GCC_WARN_ABOUT_RETURN_TYPE = YES_ERROR;
				GCC_WARN_UNDECLARED_SELECTOR = YES;
				GCC_WARN_UNINITIALIZED_AUTOS = YES_AGGRESSIVE;
				GCC_WARN_UNUSED_FUNCTION = YES;
				GCC_WARN_UNUSED_VARIABLE = YES;
				IPHONEOS_DEPLOYMENT_TARGET = 16.0;
				MTL_ENABLE_DEBUG_INFO = INCLUDE_SOURCE;
				MTL_FAST_MATH = YES;
				ONLY_ACTIVE_ARCH = YES;
				SDKROOT = iphoneos;
				SWIFT_ACTIVE_COMPILATION_CONDITIONS = DEBUG;
				SWIFT_OPTIMIZATION_LEVEL = "-Onone";
			};
			name = Debug;
		};
		DA7CAEC928DE2C110039681E /* Release */ = {
			isa = XCBuildConfiguration;
			buildSettings = {
				ALWAYS_SEARCH_USER_PATHS = NO;
				CLANG_ANALYZER_NONNULL = YES;
				CLANG_ANALYZER_NUMBER_OBJECT_CONVERSION = YES_AGGRESSIVE;
				CLANG_CXX_LANGUAGE_STANDARD = "gnu++20";
				CLANG_ENABLE_MODULES = YES;
				CLANG_ENABLE_OBJC_ARC = YES;
				CLANG_ENABLE_OBJC_WEAK = YES;
				CLANG_WARN_BLOCK_CAPTURE_AUTORELEASING = YES;
				CLANG_WARN_BOOL_CONVERSION = YES;
				CLANG_WARN_COMMA = YES;
				CLANG_WARN_CONSTANT_CONVERSION = YES;
				CLANG_WARN_DEPRECATED_OBJC_IMPLEMENTATIONS = YES;
				CLANG_WARN_DIRECT_OBJC_ISA_USAGE = YES_ERROR;
				CLANG_WARN_DOCUMENTATION_COMMENTS = YES;
				CLANG_WARN_EMPTY_BODY = YES;
				CLANG_WARN_ENUM_CONVERSION = YES;
				CLANG_WARN_INFINITE_RECURSION = YES;
				CLANG_WARN_INT_CONVERSION = YES;
				CLANG_WARN_NON_LITERAL_NULL_CONVERSION = YES;
				CLANG_WARN_OBJC_IMPLICIT_RETAIN_SELF = YES;
				CLANG_WARN_OBJC_LITERAL_CONVERSION = YES;
				CLANG_WARN_OBJC_ROOT_CLASS = YES_ERROR;
				CLANG_WARN_QUOTED_INCLUDE_IN_FRAMEWORK_HEADER = YES;
				CLANG_WARN_RANGE_LOOP_ANALYSIS = YES;
				CLANG_WARN_STRICT_PROTOTYPES = YES;
				CLANG_WARN_SUSPICIOUS_MOVE = YES;
				CLANG_WARN_UNGUARDED_AVAILABILITY = YES_AGGRESSIVE;
				CLANG_WARN_UNREACHABLE_CODE = YES;
				CLANG_WARN__DUPLICATE_METHOD_MATCH = YES;
				COPY_PHASE_STRIP = NO;
				DEBUG_INFORMATION_FORMAT = "dwarf-with-dsym";
				ENABLE_NS_ASSERTIONS = NO;
				ENABLE_STRICT_OBJC_MSGSEND = YES;
				GCC_C_LANGUAGE_STANDARD = gnu11;
				GCC_NO_COMMON_BLOCKS = YES;
				GCC_WARN_64_TO_32_BIT_CONVERSION = YES;
				GCC_WARN_ABOUT_RETURN_TYPE = YES_ERROR;
				GCC_WARN_UNDECLARED_SELECTOR = YES;
				GCC_WARN_UNINITIALIZED_AUTOS = YES_AGGRESSIVE;
				GCC_WARN_UNUSED_FUNCTION = YES;
				GCC_WARN_UNUSED_VARIABLE = YES;
				IPHONEOS_DEPLOYMENT_TARGET = 16.0;
				MTL_ENABLE_DEBUG_INFO = NO;
				MTL_FAST_MATH = YES;
				SDKROOT = iphoneos;
				SWIFT_COMPILATION_MODE = wholemodule;
				SWIFT_OPTIMIZATION_LEVEL = "-O";
				VALIDATE_PRODUCT = YES;
			};
			name = Release;
		};
		DA7CAECB28DE2C110039681E /* Debug */ = {
			isa = XCBuildConfiguration;
			buildSettings = {
				ASSETCATALOG_COMPILER_APPICON_NAME = AppIcon;
				ASSETCATALOG_COMPILER_GLOBAL_ACCENT_COLOR_NAME = AccentColor;
				CODE_SIGN_STYLE = Automatic;
				CURRENT_PROJECT_VERSION = 1;
				GENERATE_INFOPLIST_FILE = YES;
				INFOPLIST_FILE = ApplicationBackgroundSetting/App/Info.plist;
				INFOPLIST_KEY_UIApplicationSupportsIndirectInputEvents = YES;
				INFOPLIST_KEY_UILaunchStoryboardName = LaunchScreen;
				INFOPLIST_KEY_UIMainStoryboardFile = Main;
				INFOPLIST_KEY_UISupportedInterfaceOrientations = UIInterfaceOrientationPortrait;
				INFOPLIST_KEY_UISupportedInterfaceOrientations_iPad = "UIInterfaceOrientationLandscapeLeft UIInterfaceOrientationLandscapeRight UIInterfaceOrientationPortrait UIInterfaceOrientationPortraitUpsideDown";
				IPHONEOS_DEPLOYMENT_TARGET = 15.0;
				LD_RUNPATH_SEARCH_PATHS = (
					"$(inherited)",
					"@executable_path/Frameworks",
				);
				MARKETING_VERSION = 1.0;
				PRODUCT_BUNDLE_IDENTIFIER = "Nikita-Chekan.ApplicationBackgroundSetting";
				PRODUCT_NAME = "$(TARGET_NAME)";
				SUPPORTED_PLATFORMS = "iphoneos iphonesimulator";
				SUPPORTS_MACCATALYST = NO;
				SUPPORTS_MAC_DESIGNED_FOR_IPHONE_IPAD = NO;
				SWIFT_EMIT_LOC_STRINGS = YES;
				SWIFT_VERSION = 5.0;
				TARGETED_DEVICE_FAMILY = 1;
			};
			name = Debug;
		};
		DA7CAECC28DE2C110039681E /* Release */ = {
			isa = XCBuildConfiguration;
			buildSettings = {
				ASSETCATALOG_COMPILER_APPICON_NAME = AppIcon;
				ASSETCATALOG_COMPILER_GLOBAL_ACCENT_COLOR_NAME = AccentColor;
				CODE_SIGN_STYLE = Automatic;
				CURRENT_PROJECT_VERSION = 1;
				GENERATE_INFOPLIST_FILE = YES;
				INFOPLIST_FILE = ApplicationBackgroundSetting/App/Info.plist;
				INFOPLIST_KEY_UIApplicationSupportsIndirectInputEvents = YES;
				INFOPLIST_KEY_UILaunchStoryboardName = LaunchScreen;
				INFOPLIST_KEY_UIMainStoryboardFile = Main;
				INFOPLIST_KEY_UISupportedInterfaceOrientations = UIInterfaceOrientationPortrait;
				INFOPLIST_KEY_UISupportedInterfaceOrientations_iPad = "UIInterfaceOrientationLandscapeLeft UIInterfaceOrientationLandscapeRight UIInterfaceOrientationPortrait UIInterfaceOrientationPortraitUpsideDown";
				IPHONEOS_DEPLOYMENT_TARGET = 15.0;
				LD_RUNPATH_SEARCH_PATHS = (
					"$(inherited)",
					"@executable_path/Frameworks",
				);
				MARKETING_VERSION = 1.0;
				PRODUCT_BUNDLE_IDENTIFIER = "Nikita-Chekan.ApplicationBackgroundSetting";
				PRODUCT_NAME = "$(TARGET_NAME)";
				SUPPORTED_PLATFORMS = "iphoneos iphonesimulator";
				SUPPORTS_MACCATALYST = NO;
				SUPPORTS_MAC_DESIGNED_FOR_IPHONE_IPAD = NO;
				SWIFT_EMIT_LOC_STRINGS = YES;
				SWIFT_VERSION = 5.0;
				TARGETED_DEVICE_FAMILY = 1;
			};
			name = Release;
		};
/* End XCBuildConfiguration section */

/* Begin XCConfigurationList section */
		DA7CAEB128DE2C0E0039681E /* Build configuration list for PBXProject "ApplicationBackgroundSetting" */ = {
			isa = XCConfigurationList;
			buildConfigurations = (
				DA7CAEC828DE2C110039681E /* Debug */,
				DA7CAEC928DE2C110039681E /* Release */,
			);
			defaultConfigurationIsVisible = 0;
			defaultConfigurationName = Release;
		};
		DA7CAECA28DE2C110039681E /* Build configuration list for PBXNativeTarget "ApplicationBackgroundSetting" */ = {
			isa = XCConfigurationList;
			buildConfigurations = (
				DA7CAECB28DE2C110039681E /* Debug */,
				DA7CAECC28DE2C110039681E /* Release */,
			);
			defaultConfigurationIsVisible = 0;
			defaultConfigurationName = Release;
		};
/* End XCConfigurationList section */
	};
	rootObject = DA7CAEAE28DE2C0E0039681E /* Project object */;
}
